
Microsoft Visual Studio Solution File, Format Version 12.00
# Visual Studio Version 16
VisualStudioVersion = 16.0.29318.209
MinimumVisualStudioVersion = 10.0.40219.1
Project("{FAE04EC0-301F-11D3-BF4B-00C04F79EFBC}") = "GoogleHashPracticeProblem2020", "GoogleHashPracticeProblem2020.csproj", "{C9B0D9F5-9C2F-4A50-9B57-FE3059EF5171}"
EndProject
Global
	GlobalSection(SolutionConfigurationPlatforms) = preSolution
		Debug|Any CPU = Debug|Any CPU
		Release|Any CPU = Release|Any CPU
	EndGlobalSection
	GlobalSection(ProjectConfigurationPlatforms) = postSolution
		{C9B0D9F5-9C2F-4A50-9B57-FE3059EF5171}.Debug|Any CPU.ActiveCfg = Debug|Any CPU
		{C9B0D9F5-9C2F-4A50-9B57-FE3059EF5171}.Debug|Any CPU.Build.0 = Debug|Any CPU
		{C9B0D9F5-9C2F-4A50-9B57-FE3059EF5171}.Release|Any CPU.ActiveCfg = Release|Any CPU
		{C9B0D9F5-9C2F-4A50-9B57-FE3059EF5171}.Release|Any CPU.Build.0 = Release|Any CPU
	EndGlobalSection
	GlobalSection(SolutionProperties) = preSolution
		HideSolutionNode = FALSE
	EndGlobalSection
	GlobalSection(ExtensibilityGlobals) = postSolution
		SolutionGuid = {09DD0AAE-71A5-4524-9C05-A66379530627}
	EndGlobalSection
EndGlobal
